{
  "name": "engine-guides-uri-resolver",
  "version": "1.0.0",
  "lockfileVersion": 3,
  "requires": true,
  "packages": {
    "": {
      "name": "engine-guides-uri-resolver",
      "version": "1.0.0",
      "devDependencies": {
        "vite": "^6.0.3"
      }
    },
    "node_modules/@esbuild/darwin-arm64": {
      "version": "0.24.0",
      "cpu": [
        "arm64"
      ],
      "dev": true,
      "license": "MIT",
      "optional": true,
      "os": [
        "darwin"
      ],
      "engines": {
        "node": ">=18"
      }
    },
    "node_modules/@rollup/rollup-darwin-arm64": {
      "version": "4.28.1",
      "cpu": [
        "arm64"
      ],
      "dev": true,
      "license": "MIT",
      "optional": true,
      "os": [
        "darwin"
      ]
    },
    "node_modules/@types/estree": {
      "version": "1.0.6",
      "dev": true,
      "license": "MIT"
    },
    "node_modules/esbuild": {
      "version": "0.24.0",
      "dev": true,
      "hasInstallScript": true,
      "license": "MIT",
      "bin": {
        "esbuild": "bin/esbuild"
      },
      "engines": {
        "node": ">=18"
      },
      "optionalDependencies": {
        "@esbuild/aix-ppc64": "0.24.0",
        "@esbuild/android-arm": "0.24.0",
        "@esbuild/android-arm64": "0.24.0",
        "@esbuild/android-x64": "0.24.0",
        "@esbuild/darwin-arm64": "0.24.0",
        "@esbuild/darwin-x64": "0.24.0",
        "@esbuild/freebsd-arm64": "0.24.0",
        "@esbuild/freebsd-x64": "0.24.0",
        "@esbuild/linux-arm": "0.24.0",
        "@esbuild/linux-arm64": "0.24.0",
        "@esbuild/linux-ia32": "0.24.0",
        "@esbuild/linux-loong64": "0.24.0",
        "@esbuild/linux-mips64el": "0.24.0",
        "@esbuild/linux-ppc64": "0.24.0",
        "@esbuild/linux-riscv64": "0.24.0",
        "@esbuild/linux-s390x": "0.24.0",
        "@esbuild/linux-x64": "0.24.0",
        "@esbuild/netbsd-x64": "0.24.0",
        "@esbuild/openbsd-arm64": "0.24.0",
        "@esbuild/openbsd-x64": "0.24.0",
        "@esbuild/sunos-x64": "0.24.0",
        "@esbuild/win32-arm64": "0.24.0",
        "@esbuild/win32-ia32": "0.24.0",
        "@esbuild/win32-x64": "0.24.0"
      }
    },
    "node_modules/fsevents": {
      "version": "2.3.3",
      "dev": true,
      "license": "MIT",
      "optional": true,
      "os": [
        "darwin"
      ],
      "engines": {
        "node": "^8.16.0 || ^10.6.0 || >=11.0.0"
      }
    },
    "node_modules/nanoid": {
      "version": "3.3.8",
      "dev": true,
      "funding": [
        {
          "type": "github",
          "url": "https://github.com/sponsors/ai"
        }
      ],
      "license": "MIT",
      "bin": {
        "nanoid": "bin/nanoid.cjs"
      },
      "engines": {
        "node": "^10 || ^12 || ^13.7 || ^14 || >=15.0.1"
      }
    },
    "node_modules/picocolors": {
      "version": "1.1.1",
      "dev": true,
      "license": "ISC"
    },
    "node_modules/postcss": {
      "version": "8.4.49",
      "dev": true,
      "funding": [
        {
          "type": "opencollective",
          "url": "https://opencollective.com/postcss/"
        },
        {
          "type": "tidelift",
          "url": "https://tidelift.com/funding/github/npm/postcss"
        },
        {
          "type": "github",
          "url": "https://github.com/sponsors/ai"
        }
      ],
      "license": "MIT",
      "dependencies": {
        "nanoid": "^3.3.7",
        "picocolors": "^1.1.1",
        "source-map-js": "^1.2.1"
      },
      "engines": {
        "node": "^10 || ^12 || >=14"
      }
    },
    "node_modules/rollup": {
      "version": "4.28.1",
      "dev": true,
      "license": "MIT",
      "dependencies": {
        "@types/estree": "1.0.6"
      },
      "bin": {
        "rollup": "dist/bin/rollup"
      },
      "engines": {
        "node": ">=18.0.0",
        "npm": ">=8.0.0"
      },
      "optionalDependencies": {
        "@rollup/rollup-android-arm-eabi": "4.28.1",
        "@rollup/rollup-android-arm64": "4.28.1",
        "@rollup/rollup-darwin-arm64": "4.28.1",
        "@rollup/rollup-darwin-x64": "4.28.1",
        "@rollup/rollup-freebsd-arm64": "4.28.1",
        "@rollup/rollup-freebsd-x64": "4.28.1",
        "@rollup/rollup-linux-arm-gnueabihf": "4.28.1",
        "@rollup/rollup-linux-arm-musleabihf": "4.28.1",
        "@rollup/rollup-linux-arm64-gnu": "4.28.1",
        "@rollup/rollup-linux-arm64-musl": "4.28.1",
        "@rollup/rollup-linux-loongarch64-gnu": "4.28.1",
        "@rollup/rollup-linux-powerpc64le-gnu": "4.28.1",
        "@rollup/rollup-linux-riscv64-gnu": "4.28.1",
        "@rollup/rollup-linux-s390x-gnu": "4.28.1",
        "@rollup/rollup-linux-x64-gnu": "4.28.1",
        "@rollup/rollup-linux-x64-musl": "4.28.1",
        "@rollup/rollup-win32-arm64-msvc": "4.28.1",
        "@rollup/rollup-win32-ia32-msvc": "4.28.1",
        "@rollup/rollup-win32-x64-msvc": "4.28.1",
        "fsevents": "~2.3.2"
      }
    },
    "node_modules/source-map-js": {
      "version": "1.2.1",
      "dev": true,
      "license": "BSD-3-Clause",
      "engines": {
        "node": ">=0.10.0"
      }
    },
    "node_modules/vite": {
      "version": "6.0.3",
      "dev": true,
      "license": "MIT",
      "dependencies": {
        "esbuild": "^0.24.0",
        "postcss": "^8.4.49",
        "rollup": "^4.23.0"
      },
      "bin": {
        "vite": "bin/vite.js"
      },
      "engines": {
        "node": "^18.0.0 || ^20.0.0 || >=22.0.0"
      },
      "funding": {
        "url": "https://github.com/vitejs/vite?sponsor=1"
      },
      "optionalDependencies": {
        "fsevents": "~2.3.3"
      },
      "peerDependencies": {
        "@types/node": "^18.0.0 || ^20.0.0 || >=22.0.0",
        "jiti": ">=1.21.0",
        "less": "*",
        "lightningcss": "^1.21.0",
        "sass": "*",
        "sass-embedded": "*",
        "stylus": "*",
        "sugarss": "*",
        "terser": "^5.16.0",
        "tsx": "^4.8.1",
        "yaml": "^2.4.2"
      },
      "peerDependenciesMeta": {
        "@types/node": {
          "optional": true
        },
        "jiti": {
          "optional": true
        },
        "less": {
          "optional": true
        },
        "lightningcss": {
          "optional": true
        },
        "sass": {
          "optional": true
        },
        "sass-embedded": {
          "optional": true
        },
        "stylus": {
          "optional": true
        },
        "sugarss": {
          "optional": true
        },
        "terser": {
          "optional": true
        },
        "tsx": {
          "optional": true
        },
        "yaml": {
          "optional": true
        }
      }
    }
  }
}
